PODS:
  - Alamofire (4.7.0)
  - CBPinEntryView (1.5.3)
  - HMSegmentedControl (1.5.4)
  - IQKeyboardManager (5.0.8)
  - M13Checkbox (3.2.2)
  - TextFieldEffects (1.4.0)
  - WePay (7.0.0)

DEPENDENCIES:
  - Alamofire (~> 4.7)
  - CBPinEntryView
  - HMSegmentedControl
  - IQKeyboardManager
  - M13Checkbox
  - TextFieldEffects
  - WePay

SPEC CHECKSUMS:
  Alamofire: 907e0a98eb68cdb7f9d1f541a563d6ac5dc77b25
  CBPinEntryView: a9fa8969f97b3ff0001d26bb770684270df7bcb8
  HMSegmentedControl: b25bc4ec44766e073d62c473188fb354ee244b76
  IQKeyboardManager: 266cb7b1d11f94a3e71229d77f960f9a1b538e5b
  M13Checkbox: a8c2491cfbbca10797925fd0b9154a782bf40d89
  TextFieldEffects: 4ee41b5216e674d55fb6ac25107bf1af7629176f
  WePay: f1d9494a0f4d40a016f99dbcc61acc754e3b5708

PODFILE CHECKSUM: 49aa2bbaa86af75b6f95ae7c086545dbfad4e18a

COCOAPODS: 1.4.0
