// !$*UTF8*$!
{
	archiveVersion = 1;
	classes = {
	};
	objectVersion = 46;
	objects = {

/* Begin PBXBuildFile section */
		121E83D702A1159C427D923E /* Pods_DoughNationAppBetaTests.framework in Frameworks */ = {isa = PBXBuildFile; fileRef = C3A0B47CAF8B56B11B97B81F /* Pods_DoughNationAppBetaTests.framework */; };
		27FBFFA79EDC1143B1A292B5 /* Pods_DoughNationAppBetaUITests.framework in Frameworks */ = {isa = PBXBuildFile; fileRef = 8C391CA588B4A6CDCB69BB86 /* Pods_DoughNationAppBetaUITests.framework */; };
		98D7EFA5DFD4210BE77F5552 /* Pods_DoughNationAppBeta.framework in Frameworks */ = {isa = PBXBuildFile; fileRef = 275C633BF0DD5904A92F682A /* Pods_DoughNationAppBeta.framework */; };
		9A4221251F5F9C77004BA4BF /* AppDelegate.swift in Sources */ = {isa = PBXBuildFile; fileRef = 9A4221241F5F9C77004BA4BF /* AppDelegate.swift */; };
		9A4221271F5F9C77004BA4BF /* ViewController.swift in Sources */ = {isa = PBXBuildFile; fileRef = 9A4221261F5F9C77004BA4BF /* ViewController.swift */; };
		9A42212A1F5F9C77004BA4BF /* Main.storyboard in Resources */ = {isa = PBXBuildFile; fileRef = 9A4221281F5F9C77004BA4BF /* Main.storyboard */; };
		9A42212C1F5F9C77004BA4BF /* Assets.xcassets in Resources */ = {isa = PBXBuildFile; fileRef = 9A42212B1F5F9C77004BA4BF /* Assets.xcassets */; };
		9A42212F1F5F9C77004BA4BF /* LaunchScreen.storyboard in Resources */ = {isa = PBXBuildFile; fileRef = 9A42212D1F5F9C77004BA4BF /* LaunchScreen.storyboard */; };
		9A42213A1F5F9C77004BA4BF /* DoughNationAppBetaTests.swift in Sources */ = {isa = PBXBuildFile; fileRef = 9A4221391F5F9C77004BA4BF /* DoughNationAppBetaTests.swift */; };
		9A4221451F5F9C77004BA4BF /* DoughNationAppBetaUITests.swift in Sources */ = {isa = PBXBuildFile; fileRef = 9A4221441F5F9C77004BA4BF /* DoughNationAppBetaUITests.swift */; };
		9A4221531F5FA052004BA4BF /* ViewControllerqr.swift in Sources */ = {isa = PBXBuildFile; fileRef = 9A4221521F5FA052004BA4BF /* ViewControllerqr.swift */; };
/* End PBXBuildFile section */

/* Begin PBXContainerItemProxy section */
		9A4221361F5F9C77004BA4BF /* PBXContainerItemProxy */ = {
			isa = PBXContainerItemProxy;
			containerPortal = 9A4221191F5F9C77004BA4BF /* Project object */;
			proxyType = 1;
			remoteGlobalIDString = 9A4221201F5F9C77004BA4BF;
			remoteInfo = DoughNationAppBeta;
		};
		9A4221411F5F9C77004BA4BF /* PBXContainerItemProxy */ = {
			isa = PBXContainerItemProxy;
			containerPortal = 9A4221191F5F9C77004BA4BF /* Project object */;
			proxyType = 1;
			remoteGlobalIDString = 9A4221201F5F9C77004BA4BF;
			remoteInfo = DoughNationAppBeta;
		};
/* End PBXContainerItemProxy section */

/* Begin PBXFileReference section */
		0C6D348B2B6F31B4FE136D90 /* Pods-DoughNationAppBetaTests.debug.xcconfig */ = {isa = PBXFileReference; includeInIndex = 1; lastKnownFileType = text.xcconfig; name = "Pods-DoughNationAppBetaTests.debug.xcconfig"; path = "Pods/Target Support Files/Pods-DoughNationAppBetaTests/Pods-DoughNationAppBetaTests.debug.xcconfig"; sourceTree = "<group>"; };
		13B2A57FCD5CD294F319B9FB /* Pods-DoughNationAppBeta.release.xcconfig */ = {isa = PBXFileReference; includeInIndex = 1; lastKnownFileType = text.xcconfig; name = "Pods-DoughNationAppBeta.release.xcconfig"; path = "Pods/Target Support Files/Pods-DoughNationAppBeta/Pods-DoughNationAppBeta.release.xcconfig"; sourceTree = "<group>"; };
		1F535EDD4FF0FEA9F70C2173 /* Pods-DoughNationAppBetaUITests.debug.xcconfig */ = {isa = PBXFileReference; includeInIndex = 1; lastKnownFileType = text.xcconfig; name = "Pods-DoughNationAppBetaUITests.debug.xcconfig"; path = "Pods/Target Support Files/Pods-DoughNationAppBetaUITests/Pods-DoughNationAppBetaUITests.debug.xcconfig"; sourceTree = "<group>"; };
		275C633BF0DD5904A92F682A /* Pods_DoughNationAppBeta.framework */ = {isa = PBXFileReference; explicitFileType = wrapper.framework; includeInIndex = 0; path = Pods_DoughNationAppBeta.framework; sourceTree = BUILT_PRODUCTS_DIR; };
		39460DCADB4100866533DFC5 /* Pods-DoughNationAppBeta.debug.xcconfig */ = {isa = PBXFileReference; includeInIndex = 1; lastKnownFileType = text.xcconfig; name = "Pods-DoughNationAppBeta.debug.xcconfig"; path = "Pods/Target Support Files/Pods-DoughNationAppBeta/Pods-DoughNationAppBeta.debug.xcconfig"; sourceTree = "<group>"; };
		8594A76D5ED6F88385D7BDFB /* Pods-DoughNationAppBetaTests.release.xcconfig */ = {isa = PBXFileReference; includeInIndex = 1; lastKnownFileType = text.xcconfig; name = "Pods-DoughNationAppBetaTests.release.xcconfig"; path = "Pods/Target Support Files/Pods-DoughNationAppBetaTests/Pods-DoughNationAppBetaTests.release.xcconfig"; sourceTree = "<group>"; };
		8C391CA588B4A6CDCB69BB86 /* Pods_DoughNationAppBetaUITests.framework */ = {isa = PBXFileReference; explicitFileType = wrapper.framework; includeInIndex = 0; path = Pods_DoughNationAppBetaUITests.framework; sourceTree = BUILT_PRODUCTS_DIR; };
		9A4221211F5F9C77004BA4BF /* DoughNationAppBeta.app */ = {isa = PBXFileReference; explicitFileType = wrapper.application; includeInIndex = 0; path = DoughNationAppBeta.app; sourceTree = BUILT_PRODUCTS_DIR; };
		9A4221241F5F9C77004BA4BF /* AppDelegate.swift */ = {isa = PBXFileReference; lastKnownFileType = sourcecode.swift; path = AppDelegate.swift; sourceTree = "<group>"; };
		9A4221261F5F9C77004BA4BF /* ViewController.swift */ = {isa = PBXFileReference; lastKnownFileType = sourcecode.swift; path = ViewController.swift; sourceTree = "<group>"; };
		9A4221291F5F9C77004BA4BF /* Base */ = {isa = PBXFileReference; lastKnownFileType = file.storyboard; name = Base; path = Base.lproj/Main.storyboard; sourceTree = "<group>"; };
		9A42212B1F5F9C77004BA4BF /* Assets.xcassets */ = {isa = PBXFileReference; lastKnownFileType = folder.assetcatalog; path = Assets.xcassets; sourceTree = "<group>"; };
		9A42212E1F5F9C77004BA4BF /* Base */ = {isa = PBXFileReference; lastKnownFileType = file.storyboard; name = Base; path = Base.lproj/LaunchScreen.storyboard; sourceTree = "<group>"; };
		9A4221301F5F9C77004BA4BF /* Info.plist */ = {isa = PBXFileReference; lastKnownFileType = text.plist.xml; path = Info.plist; sourceTree = "<group>"; };
		9A4221351F5F9C77004BA4BF /* DoughNationAppBetaTests.xctest */ = {isa = PBXFileReference; explicitFileType = wrapper.cfbundle; includeInIndex = 0; path = DoughNationAppBetaTests.xctest; sourceTree = BUILT_PRODUCTS_DIR; };
		9A4221391F5F9C77004BA4BF /* DoughNationAppBetaTests.swift */ = {isa = PBXFileReference; lastKnownFileType = sourcecode.swift; path = DoughNationAppBetaTests.swift; sourceTree = "<group>"; };
		9A42213B1F5F9C77004BA4BF /* Info.plist */ = {isa = PBXFileReference; lastKnownFileType = text.plist.xml; path = Info.plist; sourceTree = "<group>"; };
		9A4221401F5F9C77004BA4BF /* DoughNationAppBetaUITests.xctest */ = {isa = PBXFileReference; explicitFileType = wrapper.cfbundle; includeInIndex = 0; path = DoughNationAppBetaUITests.xctest; sourceTree = BUILT_PRODUCTS_DIR; };
		9A4221441F5F9C77004BA4BF /* DoughNationAppBetaUITests.swift */ = {isa = PBXFileReference; lastKnownFileType = sourcecode.swift; path = DoughNationAppBetaUITests.swift; sourceTree = "<group>"; };
		9A4221461F5F9C77004BA4BF /* Info.plist */ = {isa = PBXFileReference; lastKnownFileType = text.plist.xml; path = Info.plist; sourceTree = "<group>"; };
		9A4221521F5FA052004BA4BF /* ViewControllerqr.swift */ = {isa = PBXFileReference; fileEncoding = 4; lastKnownFileType = sourcecode.swift; path = ViewControllerqr.swift; sourceTree = "<group>"; };
		C3A0B47CAF8B56B11B97B81F /* Pods_DoughNationAppBetaTests.framework */ = {isa = PBXFileReference; explicitFileType = wrapper.framework; includeInIndex = 0; path = Pods_DoughNationAppBetaTests.framework; sourceTree = BUILT_PRODUCTS_DIR; };
		DBD524FA7C79830E029930F7 /* Pods-DoughNationAppBetaUITests.release.xcconfig */ = {isa = PBXFileReference; includeInIndex = 1; lastKnownFileType = text.xcconfig; name = "Pods-DoughNationAppBetaUITests.release.xcconfig"; path = "Pods/Target Support Files/Pods-DoughNationAppBetaUITests/Pods-DoughNationAppBetaUITests.release.xcconfig"; sourceTree = "<group>"; };
/* End PBXFileReference section */

/* Begin PBXFrameworksBuildPhase section */
		9A42211E1F5F9C77004BA4BF /* Frameworks */ = {
			isa = PBXFrameworksBuildPhase;
			buildActionMask = 2147483647;
			files = (
				98D7EFA5DFD4210BE77F5552 /* Pods_DoughNationAppBeta.framework in Frameworks */,
			);
			runOnlyForDeploymentPostprocessing = 0;
		};
		9A4221321F5F9C77004BA4BF /* Frameworks */ = {
			isa = PBXFrameworksBuildPhase;
			buildActionMask = 2147483647;
			files = (
				121E83D702A1159C427D923E /* Pods_DoughNationAppBetaTests.framework in Frameworks */,
			);
			runOnlyForDeploymentPostprocessing = 0;
		};
		9A42213D1F5F9C77004BA4BF /* Frameworks */ = {
			isa = PBXFrameworksBuildPhase;
			buildActionMask = 2147483647;
			files = (
				27FBFFA79EDC1143B1A292B5 /* Pods_DoughNationAppBetaUITests.framework in Frameworks */,
			);
			runOnlyForDeploymentPostprocessing = 0;
		};
/* End PBXFrameworksBuildPhase section */

/* Begin PBXGroup section */
		493A54DC37CFA055C0E104DE /* Frameworks */ = {
			isa = PBXGroup;
			children = (
				275C633BF0DD5904A92F682A /* Pods_DoughNationAppBeta.framework */,
				C3A0B47CAF8B56B11B97B81F /* Pods_DoughNationAppBetaTests.framework */,
				8C391CA588B4A6CDCB69BB86 /* Pods_DoughNationAppBetaUITests.framework */,
			);
			name = Frameworks;
			sourceTree = "<group>";
		};
		9177AAF4F16E49E053B2E160 /* Pods */ = {
			isa = PBXGroup;
			children = (
				39460DCADB4100866533DFC5 /* Pods-DoughNationAppBeta.debug.xcconfig */,
				13B2A57FCD5CD294F319B9FB /* Pods-DoughNationAppBeta.release.xcconfig */,
				0C6D348B2B6F31B4FE136D90 /* Pods-DoughNationAppBetaTests.debug.xcconfig */,
				8594A76D5ED6F88385D7BDFB /* Pods-DoughNationAppBetaTests.release.xcconfig */,
				1F535EDD4FF0FEA9F70C2173 /* Pods-DoughNationAppBetaUITests.debug.xcconfig */,
				DBD524FA7C79830E029930F7 /* Pods-DoughNationAppBetaUITests.release.xcconfig */,
			);
			name = Pods;
			sourceTree = "<group>";
		};
		9A4221181F5F9C77004BA4BF = {
			isa = PBXGroup;
			children = (
				9A4221231F5F9C77004BA4BF /* DoughNationAppBeta */,
				9A4221381F5F9C77004BA4BF /* DoughNationAppBetaTests */,
				9A4221431F5F9C77004BA4BF /* DoughNationAppBetaUITests */,
				9A4221221F5F9C77004BA4BF /* Products */,
				9177AAF4F16E49E053B2E160 /* Pods */,
				493A54DC37CFA055C0E104DE /* Frameworks */,
			);
			sourceTree = "<group>";
		};
		9A4221221F5F9C77004BA4BF /* Products */ = {
			isa = PBXGroup;
			children = (
				9A4221211F5F9C77004BA4BF /* DoughNationAppBeta.app */,
				9A4221351F5F9C77004BA4BF /* DoughNationAppBetaTests.xctest */,
				9A4221401F5F9C77004BA4BF /* DoughNationAppBetaUITests.xctest */,
			);
			name = Products;
			sourceTree = "<group>";
		};
		9A4221231F5F9C77004BA4BF /* DoughNationAppBeta */ = {
			isa = PBXGroup;
			children = (
				9A4221241F5F9C77004BA4BF /* AppDelegate.swift */,
				9A42212D1F5F9C77004BA4BF /* LaunchScreen.storyboard */,
				9A4221281F5F9C77004BA4BF /* Main.storyboard */,
				9A4221261F5F9C77004BA4BF /* ViewController.swift */,
				9A4221521F5FA052004BA4BF /* ViewControllerqr.swift */,
				9A42212B1F5F9C77004BA4BF /* Assets.xcassets */,
				9A4221301F5F9C77004BA4BF /* Info.plist */,
			);
			path = DoughNationAppBeta;
			sourceTree = "<group>";
		};
		9A4221381F5F9C77004BA4BF /* DoughNationAppBetaTests */ = {
			isa = PBXGroup;
			children = (
				9A4221391F5F9C77004BA4BF /* DoughNationAppBetaTests.swift */,
				9A42213B1F5F9C77004BA4BF /* Info.plist */,
			);
			path = DoughNationAppBetaTests;
			sourceTree = "<group>";
		};
		9A4221431F5F9C77004BA4BF /* DoughNationAppBetaUITests */ = {
			isa = PBXGroup;
			children = (
				9A4221441F5F9C77004BA4BF /* DoughNationAppBetaUITests.swift */,
				9A4221461F5F9C77004BA4BF /* Info.plist */,
			);
			path = DoughNationAppBetaUITests;
			sourceTree = "<group>";
		};
/* End PBXGroup section */

/* Begin PBXNativeTarget section */
		9A4221201F5F9C77004BA4BF /* DoughNationAppBeta */ = {
			isa = PBXNativeTarget;
			buildConfigurationList = 9A4221491F5F9C77004BA4BF /* Build configuration list for PBXNativeTarget "DoughNationAppBeta" */;
			buildPhases = (
				2855EF69D34D40BCC1E37AE7 /* [CP] Check Pods Manifest.lock */,
				9A42211D1F5F9C77004BA4BF /* Sources */,
				9A42211E1F5F9C77004BA4BF /* Frameworks */,
				9A42211F1F5F9C77004BA4BF /* Resources */,
				0CB449B371E81EDA766B9783 /* [CP] Embed Pods Frameworks */,
				384E3D64B388EF6579B1F0C9 /* [CP] Copy Pods Resources */,
			);
			buildRules = (
			);
			dependencies = (
			);
			name = DoughNationAppBeta;
			productName = DoughNationAppBeta;
			productReference = 9A4221211F5F9C77004BA4BF /* DoughNationAppBeta.app */;
			productType = "com.apple.product-type.application";
		};
		9A4221341F5F9C77004BA4BF /* DoughNationAppBetaTests */ = {
			isa = PBXNativeTarget;
			buildConfigurationList = 9A42214C1F5F9C77004BA4BF /* Build configuration list for PBXNativeTarget "DoughNationAppBetaTests" */;
			buildPhases = (
				2A2AA10781A2588159555C16 /* [CP] Check Pods Manifest.lock */,
				9A4221311F5F9C77004BA4BF /* Sources */,
				9A4221321F5F9C77004BA4BF /* Frameworks */,
				9A4221331F5F9C77004BA4BF /* Resources */,
				706607ECAA0921D61599DEB5 /* [CP] Embed Pods Frameworks */,
				F9E3CE0C199C32F7CDCB99C7 /* [CP] Copy Pods Resources */,
			);
			buildRules = (
			);
			dependencies = (
				9A4221371F5F9C77004BA4BF /* PBXTargetDependency */,
			);
			name = DoughNationAppBetaTests;
			productName = DoughNationAppBetaTests;
			productReference = 9A4221351F5F9C77004BA4BF /* DoughNationAppBetaTests.xctest */;
			productType = "com.apple.product-type.bundle.unit-test";
		};
		9A42213F1F5F9C77004BA4BF /* DoughNationAppBetaUITests */ = {
			isa = PBXNativeTarget;
			buildConfigurationList = 9A42214F1F5F9C77004BA4BF /* Build configuration list for PBXNativeTarget "DoughNationAppBetaUITests" */;
			buildPhases = (
				1416603955717E02E63179F7 /* [CP] Check Pods Manifest.lock */,
				9A42213C1F5F9C77004BA4BF /* Sources */,
				9A42213D1F5F9C77004BA4BF /* Frameworks */,
				9A42213E1F5F9C77004BA4BF /* Resources */,
				641B33072B8F00815865875D /* [CP] Embed Pods Frameworks */,
				89714A567FD2068EC863208F /* [CP] Copy Pods Resources */,
			);
			buildRules = (
			);
			dependencies = (
				9A4221421F5F9C77004BA4BF /* PBXTargetDependency */,
			);
			name = DoughNationAppBetaUITests;
			productName = DoughNationAppBetaUITests;
			productReference = 9A4221401F5F9C77004BA4BF /* DoughNationAppBetaUITests.xctest */;
			productType = "com.apple.product-type.bundle.ui-testing";
		};
/* End PBXNativeTarget section */

/* Begin PBXProject section */
		9A4221191F5F9C77004BA4BF /* Project object */ = {
			isa = PBXProject;
			attributes = {
				LastSwiftUpdateCheck = 0830;
				LastUpgradeCheck = 0900;
				ORGANIZATIONNAME = "Damon Goodrich-Houska";
				TargetAttributes = {
					9A4221201F5F9C77004BA4BF = {
						CreatedOnToolsVersion = 8.3.3;
						DevelopmentTeam = J38X8FKVBJ;
						LastSwiftMigration = 0900;
						ProvisioningStyle = Automatic;
					};
					9A4221341F5F9C77004BA4BF = {
						CreatedOnToolsVersion = 8.3.3;
						DevelopmentTeam = S8UHW68B6F;
						LastSwiftMigration = 0900;
						ProvisioningStyle = Automatic;
						TestTargetID = 9A4221201F5F9C77004BA4BF;
					};
					9A42213F1F5F9C77004BA4BF = {
						CreatedOnToolsVersion = 8.3.3;
						DevelopmentTeam = S8UHW68B6F;
						LastSwiftMigration = 0900;
						ProvisioningStyle = Automatic;
						TestTargetID = 9A4221201F5F9C77004BA4BF;
					};
				};
			};
			buildConfigurationList = 9A42211C1F5F9C77004BA4BF /* Build configuration list for PBXProject "DoughNationAppBeta" */;
			compatibilityVersion = "Xcode 3.2";
			developmentRegion = English;
			hasScannedForEncodings = 0;
			knownRegions = (
				en,
				Base,
			);
			mainGroup = 9A4221181F5F9C77004BA4BF;
			productRefGroup = 9A4221221F5F9C77004BA4BF /* Products */;
			projectDirPath = "";
			projectRoot = "";
			targets = (
				9A4221201F5F9C77004BA4BF /* DoughNationAppBeta */,
				9A4221341F5F9C77004BA4BF /* DoughNationAppBetaTests */,
				9A42213F1F5F9C77004BA4BF /* DoughNationAppBetaUITests */,
			);
		};
/* End PBXProject section */

/* Begin PBXResourcesBuildPhase section */
		9A42211F1F5F9C77004BA4BF /* Resources */ = {
			isa = PBXResourcesBuildPhase;
			buildActionMask = 2147483647;
			files = (
				9A42212F1F5F9C77004BA4BF /* LaunchScreen.storyboard in Resources */,
				9A42212C1F5F9C77004BA4BF /* Assets.xcassets in Resources */,
				9A42212A1F5F9C77004BA4BF /* Main.storyboard in Resources */,
			);
			runOnlyForDeploymentPostprocessing = 0;
		};
		9A4221331F5F9C77004BA4BF /* Resources */ = {
			isa = PBXResourcesBuildPhase;
			buildActionMask = 2147483647;
			files = (
			);
			runOnlyForDeploymentPostprocessing = 0;
		};
		9A42213E1F5F9C77004BA4BF /* Resources */ = {
			isa = PBXResourcesBuildPhase;
			buildActionMask = 2147483647;
			files = (
			);
			runOnlyForDeploymentPostprocessing = 0;
		};
/* End PBXResourcesBuildPhase section */

/* Begin PBXShellScriptBuildPhase section */
		0CB449B371E81EDA766B9783 /* [CP] Embed Pods Frameworks */ = {
			isa = PBXShellScriptBuildPhase;
			buildActionMask = 2147483647;
			files = (
			);
			inputPaths = (
			);
			name = "[CP] Embed Pods Frameworks";
			outputPaths = (
			);
			runOnlyForDeploymentPostprocessing = 0;
			shellPath = /bin/sh;
			shellScript = "\"${SRCROOT}/Pods/Target Support Files/Pods-DoughNationAppBeta/Pods-DoughNationAppBeta-frameworks.sh\"\n";
			showEnvVarsInLog = 0;
		};
		1416603955717E02E63179F7 /* [CP] Check Pods Manifest.lock */ = {
			isa = PBXShellScriptBuildPhase;
			buildActionMask = 2147483647;
			files = (
			);
			inputPaths = (
			);
			name = "[CP] Check Pods Manifest.lock";
			outputPaths = (
			);
			runOnlyForDeploymentPostprocessing = 0;
			shellPath = /bin/sh;
			shellScript = "diff \"${PODS_PODFILE_DIR_PATH}/Podfile.lock\" \"${PODS_ROOT}/Manifest.lock\" > /dev/null\nif [ $? != 0 ] ; then\n    # print error to STDERR\n    echo \"error: The sandbox is not in sync with the Podfile.lock. Run 'pod install' or update your CocoaPods installation.\" >&2\n    exit 1\nfi\n";
			showEnvVarsInLog = 0;
		};
		2855EF69D34D40BCC1E37AE7 /* [CP] Check Pods Manifest.lock */ = {
			isa = PBXShellScriptBuildPhase;
			buildActionMask = 2147483647;
			files = (
			);
			inputPaths = (
			);
			name = "[CP] Check Pods Manifest.lock";
			outputPaths = (
			);
			runOnlyForDeploymentPostprocessing = 0;
			shellPath = /bin/sh;
			shellScript = "diff \"${PODS_PODFILE_DIR_PATH}/Podfile.lock\" \"${PODS_ROOT}/Manifest.lock\" > /dev/null\nif [ $? != 0 ] ; then\n    # print error to STDERR\n    echo \"error: The sandbox is not in sync with the Podfile.lock. Run 'pod install' or update your CocoaPods installation.\" >&2\n    exit 1\nfi\n";
			showEnvVarsInLog = 0;
		};
		2A2AA10781A2588159555C16 /* [CP] Check Pods Manifest.lock */ = {
			isa = PBXShellScriptBuildPhase;
			buildActionMask = 2147483647;
			files = (
			);
			inputPaths = (
			);
			name = "[CP] Check Pods Manifest.lock";
			outputPaths = (
			);
			runOnlyForDeploymentPostprocessing = 0;
			shellPath = /bin/sh;
			shellScript = "diff \"${PODS_PODFILE_DIR_PATH}/Podfile.lock\" \"${PODS_ROOT}/Manifest.lock\" > /dev/null\nif [ $? != 0 ] ; then\n    # print error to STDERR\n    echo \"error: The sandbox is not in sync with the Podfile.lock. Run 'pod install' or update your CocoaPods installation.\" >&2\n    exit 1\nfi\n";
			showEnvVarsInLog = 0;
		};
		384E3D64B388EF6579B1F0C9 /* [CP] Copy Pods Resources */ = {
			isa = PBXShellScriptBuildPhase;
			buildActionMask = 2147483647;
			files = (
			);
			inputPaths = (
			);
			name = "[CP] Copy Pods Resources";
			outputPaths = (
			);
			runOnlyForDeploymentPostprocessing = 0;
			shellPath = /bin/sh;
			shellScript = "\"${SRCROOT}/Pods/Target Support Files/Pods-DoughNationAppBeta/Pods-DoughNationAppBeta-resources.sh\"\n";
			showEnvVarsInLog = 0;
		};
		641B33072B8F00815865875D /* [CP] Embed Pods Frameworks */ = {
			isa = PBXShellScriptBuildPhase;
			buildActionMask = 2147483647;
			files = (
			);
			inputPaths = (
			);
			name = "[CP] Embed Pods Frameworks";
			outputPaths = (
			);
			runOnlyForDeploymentPostprocessing = 0;
			shellPath = /bin/sh;
			shellScript = "\"${SRCROOT}/Pods/Target Support Files/Pods-DoughNationAppBetaUITests/Pods-DoughNationAppBetaUITests-frameworks.sh\"\n";
			showEnvVarsInLog = 0;
		};
		706607ECAA0921D61599DEB5 /* [CP] Embed Pods Frameworks */ = {
			isa = PBXShellScriptBuildPhase;
			buildActionMask = 2147483647;
			files = (
			);
			inputPaths = (
			);
			name = "[CP] Embed Pods Frameworks";
			outputPaths = (
			);
			runOnlyForDeploymentPostprocessing = 0;
			shellPath = /bin/sh;
			shellScript = "\"${SRCROOT}/Pods/Target Support Files/Pods-DoughNationAppBetaTests/Pods-DoughNationAppBetaTests-frameworks.sh\"\n";
			showEnvVarsInLog = 0;
		};
		89714A567FD2068EC863208F /* [CP] Copy Pods Resources */ = {
			isa = PBXShellScriptBuildPhase;
			buildActionMask = 2147483647;
			files = (
			);
			inputPaths = (
			);
			name = "[CP] Copy Pods Resources";
			outputPaths = (
			);
			runOnlyForDeploymentPostprocessing = 0;
			shellPath = /bin/sh;
			shellScript = "\"${SRCROOT}/Pods/Target Support Files/Pods-DoughNationAppBetaUITests/Pods-DoughNationAppBetaUITests-resources.sh\"\n";
			showEnvVarsInLog = 0;
		};
		F9E3CE0C199C32F7CDCB99C7 /* [CP] Copy Pods Resources */ = {
			isa = PBXShellScriptBuildPhase;
			buildActionMask = 2147483647;
			files = (
			);
			inputPaths = (
			);
			name = "[CP] Copy Pods Resources";
			outputPaths = (
			);
			runOnlyForDeploymentPostprocessing = 0;
			shellPath = /bin/sh;
			shellScript = "\"${SRCROOT}/Pods/Target Support Files/Pods-DoughNationAppBetaTests/Pods-DoughNationAppBetaTests-resources.sh\"\n";
			showEnvVarsInLog = 0;
		};
/* End PBXShellScriptBuildPhase section */

/* Begin PBXSourcesBuildPhase section */
		9A42211D1F5F9C77004BA4BF /* Sources */ = {
			isa = PBXSourcesBuildPhase;
			buildActionMask = 2147483647;
			files = (
				9A4221271F5F9C77004BA4BF /* ViewController.swift in Sources */,
				9A4221251F5F9C77004BA4BF /* AppDelegate.swift in Sources */,
				9A4221531F5FA052004BA4BF /* ViewControllerqr.swift in Sources */,
			);
			runOnlyForDeploymentPostprocessing = 0;
		};
		9A4221311F5F9C77004BA4BF /* Sources */ = {
			isa = PBXSourcesBuildPhase;
			buildActionMask = 2147483647;
			files = (
				9A42213A1F5F9C77004BA4BF /* DoughNationAppBetaTests.swift in Sources */,
			);
			runOnlyForDeploymentPostprocessing = 0;
		};
		9A42213C1F5F9C77004BA4BF /* Sources */ = {
			isa = PBXSourcesBuildPhase;
			buildActionMask = 2147483647;
			files = (
				9A4221451F5F9C77004BA4BF /* DoughNationAppBetaUITests.swift in Sources */,
			);
			runOnlyForDeploymentPostprocessing = 0;
		};
/* End PBXSourcesBuildPhase section */

/* Begin PBXTargetDependency section */
		9A4221371F5F9C77004BA4BF /* PBXTargetDependency */ = {
			isa = PBXTargetDependency;
			target = 9A4221201F5F9C77004BA4BF /* DoughNationAppBeta */;
			targetProxy = 9A4221361F5F9C77004BA4BF /* PBXContainerItemProxy */;
		};
		9A4221421F5F9C77004BA4BF /* PBXTargetDependency */ = {
			isa = PBXTargetDependency;
			target = 9A4221201F5F9C77004BA4BF /* DoughNationAppBeta */;
			targetProxy = 9A4221411F5F9C77004BA4BF /* PBXContainerItemProxy */;
		};
/* End PBXTargetDependency section */

/* Begin PBXVariantGroup section */
		9A4221281F5F9C77004BA4BF /* Main.storyboard */ = {
			isa = PBXVariantGroup;
			children = (
				9A4221291F5F9C77004BA4BF /* Base */,
			);
			name = Main.storyboard;
			sourceTree = "<group>";
		};
		9A42212D1F5F9C77004BA4BF /* LaunchScreen.storyboard */ = {
			isa = PBXVariantGroup;
			children = (
				9A42212E1F5F9C77004BA4BF /* Base */,
			);
			name = LaunchScreen.storyboard;
			sourceTree = "<group>";
		};
/* End PBXVariantGroup section */

/* Begin XCBuildConfiguration section */
		9A4221471F5F9C77004BA4BF /* Debug */ = {
			isa = XCBuildConfiguration;
			buildSettings = {
				ALWAYS_SEARCH_USER_PATHS = NO;
				CLANG_ANALYZER_NONNULL = YES;
				CLANG_ANALYZER_NUMBER_OBJECT_CONVERSION = YES_AGGRESSIVE;
				CLANG_CXX_LANGUAGE_STANDARD = "gnu++0x";
				CLANG_CXX_LIBRARY = "libc++";
				CLANG_ENABLE_MODULES = YES;
				CLANG_ENABLE_OBJC_ARC = YES;
				CLANG_WARN_BLOCK_CAPTURE_AUTORELEASING = YES;
				CLANG_WARN_BOOL_CONVERSION = YES;
				CLANG_WARN_COMMA = YES;
				CLANG_WARN_CONSTANT_CONVERSION = YES;
				CLANG_WARN_DIRECT_OBJC_ISA_USAGE = YES_ERROR;
				CLANG_WARN_DOCUMENTATION_COMMENTS = YES;
				CLANG_WARN_EMPTY_BODY = YES;
				CLANG_WARN_ENUM_CONVERSION = YES;
				CLANG_WARN_INFINITE_RECURSION = YES;
				CLANG_WARN_INT_CONVERSION = YES;
				CLANG_WARN_NON_LITERAL_NULL_CONVERSION = YES;
				CLANG_WARN_OBJC_LITERAL_CONVERSION = YES;
				CLANG_WARN_OBJC_ROOT_CLASS = YES_ERROR;
				CLANG_WARN_RANGE_LOOP_ANALYSIS = YES;
				CLANG_WARN_STRICT_PROTOTYPES = YES;
				CLANG_WARN_SUSPICIOUS_MOVE = YES;
				CLANG_WARN_UNREACHABLE_CODE = YES;
				CLANG_WARN__DUPLICATE_METHOD_MATCH = YES;
				"CODE_SIGN_IDENTITY[sdk=iphoneos*]" = "iPhone Developer";
				COPY_PHASE_STRIP = NO;
				DEBUG_INFORMATION_FORMAT = dwarf;
				ENABLE_STRICT_OBJC_MSGSEND = YES;
				ENABLE_TESTABILITY = YES;
				GCC_C_LANGUAGE_STANDARD = gnu99;
				GCC_DYNAMIC_NO_PIC = NO;
				GCC_NO_COMMON_BLOCKS = YES;
				GCC_OPTIMIZATION_LEVEL = 0;
				GCC_PREPROCESSOR_DEFINITIONS = (
					"DEBUG=1",
					"$(inherited)",
				);
				GCC_WARN_64_TO_32_BIT_CONVERSION = YES;
				GCC_WARN_ABOUT_RETURN_TYPE = YES_ERROR;
				GCC_WARN_UNDECLARED_SELECTOR = YES;
				GCC_WARN_UNINITIALIZED_AUTOS = YES_AGGRESSIVE;
				GCC_WARN_UNUSED_FUNCTION = YES;
				GCC_WARN_UNUSED_VARIABLE = YES;
				IPHONEOS_DEPLOYMENT_TARGET = 10.3;
				MTL_ENABLE_DEBUG_INFO = YES;
				ONLY_ACTIVE_ARCH = YES;
				SDKROOT = iphoneos;
				SWIFT_ACTIVE_COMPILATION_CONDITIONS = DEBUG;
				SWIFT_OPTIMIZATION_LEVEL = "-Onone";
				SWIFT_SWIFT3_OBJC_INFERENCE = Default;
			};
			name = Debug;
		};
		9A4221481F5F9C77004BA4BF /* Release */ = {
			isa = XCBuildConfiguration;
			buildSettings = {
				ALWAYS_SEARCH_USER_PATHS = NO;
				CLANG_ANALYZER_NONNULL = YES;
				CLANG_ANALYZER_NUMBER_OBJECT_CONVERSION = YES_AGGRESSIVE;
				CLANG_CXX_LANGUAGE_STANDARD = "gnu++0x";
				CLANG_CXX_LIBRARY = "libc++";
				CLANG_ENABLE_MODULES = YES;
				CLANG_ENABLE_OBJC_ARC = YES;
				CLANG_WARN_BLOCK_CAPTURE_AUTORELEASING = YES;
				CLANG_WARN_BOOL_CONVERSION = YES;
				CLANG_WARN_COMMA = YES;
				CLANG_WARN_CONSTANT_CONVERSION = YES;
				CLANG_WARN_DIRECT_OBJC_ISA_USAGE = YES_ERROR;
				CLANG_WARN_DOCUMENTATION_COMMENTS = YES;
				CLANG_WARN_EMPTY_BODY = YES;
				CLANG_WARN_ENUM_CONVERSION = YES;
				CLANG_WARN_INFINITE_RECURSION = YES;
				CLANG_WARN_INT_CONVERSION = YES;
				CLANG_WARN_NON_LITERAL_NULL_CONVERSION = YES;
				CLANG_WARN_OBJC_LITERAL_CONVERSION = YES;
				CLANG_WARN_OBJC_ROOT_CLASS = YES_ERROR;
				CLANG_WARN_RANGE_LOOP_ANALYSIS = YES;
				CLANG_WARN_STRICT_PROTOTYPES = YES;
				CLANG_WARN_SUSPICIOUS_MOVE = YES;
				CLANG_WARN_UNREACHABLE_CODE = YES;
				CLANG_WARN__DUPLICATE_METHOD_MATCH = YES;
				"CODE_SIGN_IDENTITY[sdk=iphoneos*]" = "iPhone Developer";
				COPY_PHASE_STRIP = NO;
				DEBUG_INFORMATION_FORMAT = "dwarf-with-dsym";
				ENABLE_NS_ASSERTIONS = NO;
				ENABLE_STRICT_OBJC_MSGSEND = YES;
				GCC_C_LANGUAGE_STANDARD = gnu99;
				GCC_NO_COMMON_BLOCKS = YES;
				GCC_WARN_64_TO_32_BIT_CONVERSION = YES;
				GCC_WARN_ABOUT_RETURN_TYPE = YES_ERROR;
				GCC_WARN_UNDECLARED_SELECTOR = YES;
				GCC_WARN_UNINITIALIZED_AUTOS = YES_AGGRESSIVE;
				GCC_WARN_UNUSED_FUNCTION = YES;
				GCC_WARN_UNUSED_VARIABLE = YES;
				IPHONEOS_DEPLOYMENT_TARGET = 10.3;
				MTL_ENABLE_DEBUG_INFO = NO;
				SDKROOT = iphoneos;
				SWIFT_OPTIMIZATION_LEVEL = "-Owholemodule";
				SWIFT_SWIFT3_OBJC_INFERENCE = Default;
				VALIDATE_PRODUCT = YES;
			};
			name = Release;
		};
		9A42214A1F5F9C77004BA4BF /* Debug */ = {
			isa = XCBuildConfiguration;
			baseConfigurationReference = 39460DCADB4100866533DFC5 /* Pods-DoughNationAppBeta.debug.xcconfig */;
			buildSettings = {
				ASSETCATALOG_COMPILER_APPICON_NAME = AppIcon;
				DEVELOPMENT_TEAM = J38X8FKVBJ;
				INFOPLIST_FILE = DoughNationAppBeta/Info.plist;
				LD_RUNPATH_SEARCH_PATHS = "$(inherited) @executable_path/Frameworks";
				PRODUCT_BUNDLE_IDENTIFIER = com.doughnationgifts.DoughNationAppBeta;
				PRODUCT_NAME = "$(TARGET_NAME)";
				SWIFT_SWIFT3_OBJC_INFERENCE = On;
				SWIFT_VERSION = 4.0;
			};
			name = Debug;
		};
		9A42214B1F5F9C77004BA4BF /* Release */ = {
			isa = XCBuildConfiguration;
			baseConfigurationReference = 13B2A57FCD5CD294F319B9FB /* Pods-DoughNationAppBeta.release.xcconfig */;
			buildSettings = {
				ASSETCATALOG_COMPILER_APPICON_NAME = AppIcon;
				DEVELOPMENT_TEAM = J38X8FKVBJ;
				INFOPLIST_FILE = DoughNationAppBeta/Info.plist;
				LD_RUNPATH_SEARCH_PATHS = "$(inherited) @executable_path/Frameworks";
				PRODUCT_BUNDLE_IDENTIFIER = com.doughnationgifts.DoughNationAppBeta;
				PRODUCT_NAME = "$(TARGET_NAME)";
				SWIFT_SWIFT3_OBJC_INFERENCE = On;
				SWIFT_VERSION = 4.0;
			};
			name = Release;
		};
		9A42214D1F5F9C77004BA4BF /* Debug */ = {
			isa = XCBuildConfiguration;
			baseConfigurationReference = 0C6D348B2B6F31B4FE136D90 /* Pods-DoughNationAppBetaTests.debug.xcconfig */;
			buildSettings = {
				ALWAYS_EMBED_SWIFT_STANDARD_LIBRARIES = YES;
				BUNDLE_LOADER = "$(TEST_HOST)";
				DEVELOPMENT_TEAM = S8UHW68B6F;
				INFOPLIST_FILE = DoughNationAppBetaTests/Info.plist;
				LD_RUNPATH_SEARCH_PATHS = "$(inherited) @executable_path/Frameworks @loader_path/Frameworks";
				PRODUCT_BUNDLE_IDENTIFIER = com.doughnationgifts.DoughNationAppBetaTests;
				PRODUCT_NAME = "$(TARGET_NAME)";
				SWIFT_SWIFT3_OBJC_INFERENCE = On;
				SWIFT_VERSION = 4.0;
				TEST_HOST = "$(BUILT_PRODUCTS_DIR)/DoughNationAppBeta.app/DoughNationAppBeta";
			};
			name = Debug;
		};
		9A42214E1F5F9C77004BA4BF /* Release */ = {
			isa = XCBuildConfiguration;
			baseConfigurationReference = 8594A76D5ED6F88385D7BDFB /* Pods-DoughNationAppBetaTests.release.xcconfig */;
			buildSettings = {
				ALWAYS_EMBED_SWIFT_STANDARD_LIBRARIES = YES;
				BUNDLE_LOADER = "$(TEST_HOST)";
				DEVELOPMENT_TEAM = S8UHW68B6F;
				INFOPLIST_FILE = DoughNationAppBetaTests/Info.plist;
				LD_RUNPATH_SEARCH_PATHS = "$(inherited) @executable_path/Frameworks @loader_path/Frameworks";
				PRODUCT_BUNDLE_IDENTIFIER = com.doughnationgifts.DoughNationAppBetaTests;
				PRODUCT_NAME = "$(TARGET_NAME)";
				SWIFT_SWIFT3_OBJC_INFERENCE = On;
				SWIFT_VERSION = 4.0;
				TEST_HOST = "$(BUILT_PRODUCTS_DIR)/DoughNationAppBeta.app/DoughNationAppBeta";
			};
			name = Release;
		};
		9A4221501F5F9C77004BA4BF /* Debug */ = {
			isa = XCBuildConfiguration;
			baseConfigurationReference = 1F535EDD4FF0FEA9F70C2173 /* Pods-DoughNationAppBetaUITests.debug.xcconfig */;
			buildSettings = {
				ALWAYS_EMBED_SWIFT_STANDARD_LIBRARIES = YES;
				DEVELOPMENT_TEAM = S8UHW68B6F;
				INFOPLIST_FILE = DoughNationAppBetaUITests/Info.plist;
				LD_RUNPATH_SEARCH_PATHS = "$(inherited) @executable_path/Frameworks @loader_path/Frameworks";
				PRODUCT_BUNDLE_IDENTIFIER = com.doughnationgifts.DoughNationAppBetaUITests;
				PRODUCT_NAME = "$(TARGET_NAME)";
				SWIFT_SWIFT3_OBJC_INFERENCE = On;
				SWIFT_VERSION = 4.0;
				TEST_TARGET_NAME = DoughNationAppBeta;
			};
			name = Debug;
		};
		9A4221511F5F9C77004BA4BF /* Release */ = {
			isa = XCBuildConfiguration;
			baseConfigurationReference = DBD524FA7C79830E029930F7 /* Pods-DoughNationAppBetaUITests.release.xcconfig */;
			buildSettings = {
				ALWAYS_EMBED_SWIFT_STANDARD_LIBRARIES = YES;
				DEVELOPMENT_TEAM = S8UHW68B6F;
				INFOPLIST_FILE = DoughNationAppBetaUITests/Info.plist;
				LD_RUNPATH_SEARCH_PATHS = "$(inherited) @executable_path/Frameworks @loader_path/Frameworks";
				PRODUCT_BUNDLE_IDENTIFIER = com.doughnationgifts.DoughNationAppBetaUITests;
				PRODUCT_NAME = "$(TARGET_NAME)";
				SWIFT_SWIFT3_OBJC_INFERENCE = On;
				SWIFT_VERSION = 4.0;
				TEST_TARGET_NAME = DoughNationAppBeta;
			};
			name = Release;
		};
/* End XCBuildConfiguration section */

/* Begin XCConfigurationList section */
		9A42211C1F5F9C77004BA4BF /* Build configuration list for PBXProject "DoughNationAppBeta" */ = {
			isa = XCConfigurationList;
			buildConfigurations = (
				9A4221471F5F9C77004BA4BF /* Debug */,
				9A4221481F5F9C77004BA4BF /* Release */,
			);
			defaultConfigurationIsVisible = 0;
			defaultConfigurationName = Release;
		};
		9A4221491F5F9C77004BA4BF /* Build configuration list for PBXNativeTarget "DoughNationAppBeta" */ = {
			isa = XCConfigurationList;
			buildConfigurations = (
				9A42214A1F5F9C77004BA4BF /* Debug */,
				9A42214B1F5F9C77004BA4BF /* Release */,
			);
			defaultConfigurationIsVisible = 0;
			defaultConfigurationName = Release;
		};
		9A42214C1F5F9C77004BA4BF /* Build configuration list for PBXNativeTarget "DoughNationAppBetaTests" */ = {
			isa = XCConfigurationList;
			buildConfigurations = (
				9A42214D1F5F9C77004BA4BF /* Debug */,
				9A42214E1F5F9C77004BA4BF /* Release */,
			);
			defaultConfigurationIsVisible = 0;
			defaultConfigurationName = Release;
		};
		9A42214F1F5F9C77004BA4BF /* Build configuration list for PBXNativeTarget "DoughNationAppBetaUITests" */ = {
			isa = XCConfigurationList;
			buildConfigurations = (
				9A4221501F5F9C77004BA4BF /* Debug */,
				9A4221511F5F9C77004BA4BF /* Release */,
			);
			defaultConfigurationIsVisible = 0;
			defaultConfigurationName = Release;
		};
/* End XCConfigurationList section */
	};
	rootObject = 9A4221191F5F9C77004BA4BF /* Project object */;
}
